<?xml version="1.0" encoding="utf-8"?>
<Project ToolsVersion="4.0" xmlns="http://schemas.microsoft.com/developer/msbuild/2003">
  <ItemGroup>
    <Filter Include="win32">
      <UniqueIdentifier>{84a8ebd7-7cf0-47f6-b75e-d441df67da40}</UniqueIdentifier>
    </Filter>
    <Filter Include="resource">
      <UniqueIdentifier>{715254bc-d70b-4ec5-bf29-467dd3ace079}</UniqueIdentifier>
    </Filter>
    <Filter Include="src">
      <UniqueIdentifier>{bb6c862e-70e9-49d9-81b7-3829a6f50471}</UniqueIdentifier>
    </Filter>
    <Filter Include="src\scenes">
      <UniqueIdentifier>{2b1dc78b-f4e9-403d-91c5-6854ed1f92a4}</UniqueIdentifier>
    </Filter>
    <Filter Include="src\ui_wrappers">
      <UniqueIdentifier>{22e7eb9a-b439-4fc5-bc91-7a7d98be13ce}</UniqueIdentifier>
    </Filter>
    <Filter Include="src\singletons">
      <UniqueIdentifier>{aec8c3b2-38a3-418f-8434-131ff2e00e7b}</UniqueIdentifier>
    </Filter>
    <Filter Include="src\macros">
      <UniqueIdentifier>{c203d6c8-a0a9-430e-905d-bf3816921e89}</UniqueIdentifier>
    </Filter>
    <Filter Include="src\entities">
      <UniqueIdentifier>{c0f65617-4d3a-4a4e-bb07-00f4dd14edb3}</UniqueIdentifier>
    </Filter>
  </ItemGroup>
  <ItemGroup>
    <ClCompile Include="main.cpp">
      <Filter>win32</Filter>
    </ClCompile>
    <ClCompile Include="..\Classes\AppDelegate.cpp">
      <Filter>src</Filter>
    </ClCompile>
    <ClCompile Include="..\Classes\scenes\LoginScene.cpp">
      <Filter>src\scenes</Filter>
    </ClCompile>
    <ClCompile Include="..\Classes\ui_wrappers\LabelWrapper.cpp">
      <Filter>src\ui_wrappers</Filter>
    </ClCompile>
    <ClCompile Include="..\Classes\singletons\Options.cpp">
      <Filter>src\singletons</Filter>
    </ClCompile>
    <ClCompile Include="..\Classes\singletons\StringCache.cpp">
      <Filter>src\singletons</Filter>
    </ClCompile>
    <ClCompile Include="..\Classes\ui_wrappers\TextBoxWrapper.cpp">
      <Filter>src\ui_wrappers</Filter>
    </ClCompile>
    <ClCompile Include="..\Classes\ui_wrappers\CheckBoxWrapper.cpp">
      <Filter>src\ui_wrappers</Filter>
    </ClCompile>
    <ClCompile Include="..\Classes\ui_wrappers\ButtonWrapper.cpp">
      <Filter>src\ui_wrappers</Filter>
    </ClCompile>
    <ClCompile Include="..\Classes\scenes\RegisterScene.cpp">
      <Filter>src\scenes</Filter>
    </ClCompile>
    <ClCompile Include="..\Classes\scenes\InitialScene.cpp">
      <Filter>src\scenes</Filter>
    </ClCompile>
    <ClCompile Include="..\Classes\scenes\GameScene.cpp">
      <Filter>src\scenes</Filter>
    </ClCompile>
    <ClCompile Include="..\Classes\entities\Entity.cpp">
      <Filter>src\entities</Filter>
    </ClCompile>
    <ClCompile Include="..\Classes\entities\GroundEntity.cpp">
      <Filter>src\entities</Filter>
    </ClCompile>
    <ClCompile Include="..\Classes\entities\PlayerEntity.cpp">
      <Filter>src\entities</Filter>
    </ClCompile>
    <ClCompile Include="..\Classes\entities\HazardEntity.cpp">
      <Filter>src\entities</Filter>
    </ClCompile>
    <ClCompile Include="..\Classes\singletons\Analytics.cpp">
      <Filter>src\singletons</Filter>
    </ClCompile>
  </ItemGroup>
  <ItemGroup>
    <ClInclude Include="main.h">
      <Filter>win32</Filter>
    </ClInclude>
    <ClInclude Include="..\Classes\AppDelegate.h">
      <Filter>src</Filter>
    </ClInclude>
    <ClInclude Include="..\Classes\scenes\LoginScene.h">
      <Filter>src\scenes</Filter>
    </ClInclude>
    <ClInclude Include="..\Classes\ui_wrappers\LabelWrapper.h">
      <Filter>src\ui_wrappers</Filter>
    </ClInclude>
    <ClInclude Include="..\Classes\singletons\Options.h">
      <Filter>src\singletons</Filter>
    </ClInclude>
    <ClInclude Include="..\Classes\macros\AppMacros.h">
      <Filter>src\macros</Filter>
    </ClInclude>
    <ClInclude Include="..\Classes\singletons\StringCache.h">
      <Filter>src\singletons</Filter>
    </ClInclude>
    <ClInclude Include="..\Classes\ui_wrappers\TextBoxWrapper.h">
      <Filter>src\ui_wrappers</Filter>
    </ClInclude>
    <ClInclude Include="..\Classes\ui_wrappers\CheckBoxWrapper.h">
      <Filter>src\ui_wrappers</Filter>
    </ClInclude>
    <ClInclude Include="..\Classes\ui_wrappers\ButtonWrapper.h">
      <Filter>src\ui_wrappers</Filter>
    </ClInclude>
    <ClInclude Include="..\Classes\scenes\RegisterScene.h">
      <Filter>src\scenes</Filter>
    </ClInclude>
    <ClInclude Include="..\Classes\scenes\InitialScene.h">
      <Filter>src\scenes</Filter>
    </ClInclude>
    <ClInclude Include="..\Classes\scenes\GameScene.h">
      <Filter>src\scenes</Filter>
    </ClInclude>
    <ClInclude Include="..\Classes\entities\Entity.h">
      <Filter>src\entities</Filter>
    </ClInclude>
    <ClInclude Include="..\Classes\entities\GroundEntity.h">
      <Filter>src\entities</Filter>
    </ClInclude>
    <ClInclude Include="..\Classes\entities\PlayerEntity.h">
      <Filter>src\entities</Filter>
    </ClInclude>
    <ClInclude Include="..\Classes\entities\HazardEntity.h">
      <Filter>src\entities</Filter>
    </ClInclude>
    <ClInclude Include="..\Classes\singletons\Analytics.h">
      <Filter>src\singletons</Filter>
    </ClInclude>
  </ItemGroup>
  <ItemGroup>
    <ResourceCompile Include="game.rc">
      <Filter>resource</Filter>
    </ResourceCompile>
  </ItemGroup>
</Project>